
Microsoft Visual Studio Solution File, Format Version 12.00
# Visual Studio 15
VisualStudioVersion = 15.0.26730.12
MinimumVisualStudioVersion = 10.0.40219.1
Project("{2150E333-8FDC-42A3-9474-1A3956D46DE8}") = "Extended", "Extended", "{3F71DFF8-52E1-4A5F-AEE4-5B54D0997122}"
EndProject
Project("{FAE04EC0-301F-11D3-BF4B-00C04F79EFBC}") = "01.Wormtest", "01.Wormtest\01.Wormtest.csproj", "{D75FAA47-384C-4451-AD1E-DD896329C730}"
EndProject
Project("{FAE04EC0-301F-11D3-BF4B-00C04F79EFBC}") = "02.Worm_Ipsum", "02.Worm_Ipsum\02.Worm_Ipsum.csproj", "{1A7A5CE3-27B2-47B6-BE3D-65B19D6A8E76}"
EndProject
Project("{FAE04EC0-301F-11D3-BF4B-00C04F79EFBC}") = "03.Wormhole", "03.Wormhole\03.Wormhole.csproj", "{1A976232-4905-40A4-A247-9EF6DE0CBED2}"
EndProject
Project("{FAE04EC0-301F-11D3-BF4B-00C04F79EFBC}") = "04.Worms_World_Party", "04.Worms_World_Party\04.Worms_World_Party.csproj", "{BA1516CE-8050-4919-A596-66A6764F7448}"
EndProject
Project("{FAE04EC0-301F-11D3-BF4B-00C04F79EFBC}") = "01.Splinter_Trip", "01.Splinter_Trip\01.Splinter_Trip.csproj", "{B7DC18A1-1C77-44AE-A343-46007E328857}"
EndProject
Project("{2150E333-8FDC-42A3-9474-1A3956D46DE8}") = "30.04", "30.04", "{178A4B54-2EF7-4AB3-91C9-69D9EFF5F6FD}"
EndProject
Project("{FAE04EC0-301F-11D3-BF4B-00C04F79EFBC}") = "02.SpyGram", "02.SpyGram\02.SpyGram.csproj", "{B0825F09-6DD0-4A06-87A4-E918F9A7BBE3}"
EndProject
Project("{FAE04EC0-301F-11D3-BF4B-00C04F79EFBC}") = "03.Spyfer", "03.Spyfer\03.Spyfer.csproj", "{746EA0EC-F880-4A80-82EC-20E397BDF4E4}"
EndProject
Project("{FAE04EC0-301F-11D3-BF4B-00C04F79EFBC}") = "04.NSA", "04.NSA\04.NSA.csproj", "{86520C3A-0473-456D-9AD0-30253FE68083}"
EndProject
Project("{2150E333-8FDC-42A3-9474-1A3956D46DE8}") = "09.05 ReTake", "09.05 ReTake", "{3D65502A-5652-42C0-BCD7-1BAB225E24D1}"
EndProject
Project("{2150E333-8FDC-42A3-9474-1A3956D46DE8}") = "20.08", "20.08", "{93E3F627-CB49-4DEF-9CC4-5C96EF6302B9}"
EndProject
Project("{FAE04EC0-301F-11D3-BF4B-00C04F79EFBC}") = "01.Trainers", "01.Trainers\01.Trainers.csproj", "{3CB52F49-4988-4E46-939F-146505C12B5F}"
EndProject
Project("{FAE04EC0-301F-11D3-BF4B-00C04F79EFBC}") = "02.Entertrain", "02.Entertrain\02.Entertrain.csproj", "{3709CDDB-0491-4A06-8AEE-2B1F987B0AF9}"
EndProject
Project("{FAE04EC0-301F-11D3-BF4B-00C04F79EFBC}") = "03.Trainegram", "03.Trainegram\03.Trainegram.csproj", "{9927C606-0EB0-42BB-AE8E-60F7F50543B6}"
EndProject
Project("{FAE04EC0-301F-11D3-BF4B-00C04F79EFBC}") = "04.Trainlands", "04.Trainlands\04.Trainlands.csproj", "{DD8E2CD1-7F7C-429D-9328-522CDB6126D1}"
EndProject
Project("{2150E333-8FDC-42A3-9474-1A3956D46DE8}") = "ExamPreparation_1", "ExamPreparation_1", "{502DD901-08A9-4A6B-ABEC-7BE6BD6B5878}"
EndProject
Project("{FAE04EC0-301F-11D3-BF4B-00C04F79EFBC}") = "01. Sino The Walker", "01. Sino The Walker\01. Sino The Walker.csproj", "{A9AC542D-910F-449B-9D11-B17726E390E4}"
EndProject
Project("{FAE04EC0-301F-11D3-BF4B-00C04F79EFBC}") = "02. SoftUni Karaoke", "02. SoftUni Karaoke\02. SoftUni Karaoke.csproj", "{EF339063-0460-4D77-91C1-88ABD3B19679}"
EndProject
Project("{FAE04EC0-301F-11D3-BF4B-00C04F79EFBC}") = "03. Endurance Rally", "03. Endurance Rally\03. Endurance Rally.csproj", "{5A3F876D-BB7C-4354-9F2F-39F86E59F916}"
EndProject
Project("{FAE04EC0-301F-11D3-BF4B-00C04F79EFBC}") = "04. Winning Ticket", "04. Winning Ticket\04. Winning Ticket.csproj", "{DF0071FE-00E4-403C-B710-7D469C444328}"
EndProject
Project("{2150E333-8FDC-42A3-9474-1A3956D46DE8}") = "ExamPreparation_2", "ExamPreparation_2", "{91ED9BE6-59EB-4AB4-B048-7D7C2BE00EA4}"
EndProject
Project("{FAE04EC0-301F-11D3-BF4B-00C04F79EFBC}") = "01. Charity Marathon", "01. Charity Marathon\01. Charity Marathon.csproj", "{23CE1AD3-01EF-4C53-912C-EBA10DD4DD81}"
EndProject
Project("{FAE04EC0-301F-11D3-BF4B-00C04F79EFBC}") = "02. Ladybugs", "02. Ladybugs\02. Ladybugs.csproj", "{FE18C358-4273-436E-8CFD-6055B0C2EB32}"
EndProject
Project("{FAE04EC0-301F-11D3-BF4B-00C04F79EFBC}") = "03. Nether Realms", "03. Nether Realms\03. Nether Realms.csproj", "{E05E89E1-0B64-48E4-AE90-35BC3637C477}"
EndProject
Project("{FAE04EC0-301F-11D3-BF4B-00C04F79EFBC}") = "04. Roli The Coder", "04. Roli The Coder\04. Roli The Coder.csproj", "{13476A3A-B465-4E97-8E21-F7F64959EA00}"
EndProject
Project("{2150E333-8FDC-42A3-9474-1A3956D46DE8}") = "ExamPreparation_3", "ExamPreparation_3", "{CB8B15CC-2387-4EB7-83E0-CC64D4D3F9CE}"
EndProject
Project("{FAE04EC0-301F-11D3-BF4B-00C04F79EFBC}") = "01. Softuni Coffee Orders", "01. Softuni Coffee Orders\01. Softuni Coffee Orders.csproj", "{EB7137D4-ACB3-45DC-87B2-73B97A8DD718}"
EndProject
Project("{FAE04EC0-301F-11D3-BF4B-00C04F79EFBC}") = "02. Command Interpreter", "02. Command Interpreter\02. Command Interpreter.csproj", "{DD033730-F955-4EBA-B8F5-928440CB724D}"
EndProject
Project("{FAE04EC0-301F-11D3-BF4B-00C04F79EFBC}") = "03. Rage Quit", "03. Rage Quit\03. Rage Quit.csproj", "{8B95C9F0-02BC-43EC-89C9-6CFD8276AF64}"
EndProject
Project("{FAE04EC0-301F-11D3-BF4B-00C04F79EFBC}") = "04. Files", "04. Files\04. Files.csproj", "{868144DB-84E7-4B2C-BBEC-4F4B37ED27D4}"
EndProject
Project("{2150E333-8FDC-42A3-9474-1A3956D46DE8}") = "ExamPreparation_4", "ExamPreparation_4", "{900AF7C5-96B1-4B01-AFCB-4F99A53662F1}"
EndProject
Project("{FAE04EC0-301F-11D3-BF4B-00C04F79EFBC}") = "01. Sweet Dessert", "01. Sweet Dessert\01. Sweet Dessert.csproj", "{87570AF9-68E5-49C3-A412-98E551DF5467}"
EndProject
Project("{FAE04EC0-301F-11D3-BF4B-00C04F79EFBC}") = "02. Array Manipulator", "02. Array Manipulator\02. Array Manipulator.csproj", "{1DB3551B-DF53-42FC-B0AF-B91784D788CB}"
EndProject
Project("{FAE04EC0-301F-11D3-BF4B-00C04F79EFBC}") = "03. Football League", "03. Football League\03. Football League.csproj", "{625D4D46-9BB1-41A9-B229-2B7BE39A5C83}"
EndProject
Project("{FAE04EC0-301F-11D3-BF4B-00C04F79EFBC}") = "04. Cubic Messages", "04. Cubic Messages\04. Cubic Messages.csproj", "{31E32660-6371-43E4-9AFC-E0EEA66AB20B}"
EndProject
Project("{2150E333-8FDC-42A3-9474-1A3956D46DE8}") = "ExamPreparation_5", "ExamPreparation_5", "{A3E4AA79-B96C-4508-B234-F0C42F05CCF3}"
EndProject
Project("{FAE04EC0-301F-11D3-BF4B-00C04F79EFBC}") = "01.Hornet-Wings", "..\..\..\..\..\..\Programming Videos\Programming Fundamentals May 2017\Лекции 11 - Exam preparation - May 2017\Extended\Exam Preparations I\HornetExam-master\CSharp\01.Hornet-Wings\01.Hornet-Wings.csproj", "{2ACFF6EA-4FAF-40A1-8561-552533192ED0}"
EndProject
Project("{FAE04EC0-301F-11D3-BF4B-00C04F79EFBC}") = "02.HornetComm", "..\..\..\..\..\..\Programming Videos\Programming Fundamentals May 2017\Лекции 11 - Exam preparation - May 2017\Extended\Exam Preparations I\HornetExam-master\CSharp\02.HornetComm\02.HornetComm.csproj", "{88B08619-7F97-46E0-A1E4-C9741DB29366}"
EndProject
Project("{FAE04EC0-301F-11D3-BF4B-00C04F79EFBC}") = "03.HornetAssault", "..\..\..\..\..\..\Programming Videos\Programming Fundamentals May 2017\Лекции 11 - Exam preparation - May 2017\Extended\Exam Preparations I\HornetExam-master\CSharp\03.HornetAssault\03.HornetAssault.csproj", "{4D98602F-82FF-4752-AB24-E3986086FE14}"
EndProject
Project("{FAE04EC0-301F-11D3-BF4B-00C04F79EFBC}") = "04.HornetArmada", "..\..\..\..\..\..\Programming Videos\Programming Fundamentals May 2017\Лекции 11 - Exam preparation - May 2017\Extended\Exam Preparations I\HornetExam-master\CSharp\04.HornetArmada\04.HornetArmada.csproj", "{53A158BD-3D42-4C6E-88C5-F1970E79D8ED}"
EndProject
Global
	GlobalSection(SolutionConfigurationPlatforms) = preSolution
		Debug|Any CPU = Debug|Any CPU
		Release|Any CPU = Release|Any CPU
	EndGlobalSection
	GlobalSection(ProjectConfigurationPlatforms) = postSolution
		{D75FAA47-384C-4451-AD1E-DD896329C730}.Debug|Any CPU.ActiveCfg = Debug|Any CPU
		{D75FAA47-384C-4451-AD1E-DD896329C730}.Debug|Any CPU.Build.0 = Debug|Any CPU
		{D75FAA47-384C-4451-AD1E-DD896329C730}.Release|Any CPU.ActiveCfg = Release|Any CPU
		{D75FAA47-384C-4451-AD1E-DD896329C730}.Release|Any CPU.Build.0 = Release|Any CPU
		{1A7A5CE3-27B2-47B6-BE3D-65B19D6A8E76}.Debug|Any CPU.ActiveCfg = Debug|Any CPU
		{1A7A5CE3-27B2-47B6-BE3D-65B19D6A8E76}.Debug|Any CPU.Build.0 = Debug|Any CPU
		{1A7A5CE3-27B2-47B6-BE3D-65B19D6A8E76}.Release|Any CPU.ActiveCfg = Release|Any CPU
		{1A7A5CE3-27B2-47B6-BE3D-65B19D6A8E76}.Release|Any CPU.Build.0 = Release|Any CPU
		{1A976232-4905-40A4-A247-9EF6DE0CBED2}.Debug|Any CPU.ActiveCfg = Debug|Any CPU
		{1A976232-4905-40A4-A247-9EF6DE0CBED2}.Debug|Any CPU.Build.0 = Debug|Any CPU
		{1A976232-4905-40A4-A247-9EF6DE0CBED2}.Release|Any CPU.ActiveCfg = Release|Any CPU
		{1A976232-4905-40A4-A247-9EF6DE0CBED2}.Release|Any CPU.Build.0 = Release|Any CPU
		{BA1516CE-8050-4919-A596-66A6764F7448}.Debug|Any CPU.ActiveCfg = Debug|Any CPU
		{BA1516CE-8050-4919-A596-66A6764F7448}.Debug|Any CPU.Build.0 = Debug|Any CPU
		{BA1516CE-8050-4919-A596-66A6764F7448}.Release|Any CPU.ActiveCfg = Release|Any CPU
		{BA1516CE-8050-4919-A596-66A6764F7448}.Release|Any CPU.Build.0 = Release|Any CPU
		{B7DC18A1-1C77-44AE-A343-46007E328857}.Debug|Any CPU.ActiveCfg = Debug|Any CPU
		{B7DC18A1-1C77-44AE-A343-46007E328857}.Debug|Any CPU.Build.0 = Debug|Any CPU
		{B7DC18A1-1C77-44AE-A343-46007E328857}.Release|Any CPU.ActiveCfg = Release|Any CPU
		{B7DC18A1-1C77-44AE-A343-46007E328857}.Release|Any CPU.Build.0 = Release|Any CPU
		{B0825F09-6DD0-4A06-87A4-E918F9A7BBE3}.Debug|Any CPU.ActiveCfg = Debug|Any CPU
		{B0825F09-6DD0-4A06-87A4-E918F9A7BBE3}.Debug|Any CPU.Build.0 = Debug|Any CPU
		{B0825F09-6DD0-4A06-87A4-E918F9A7BBE3}.Release|Any CPU.ActiveCfg = Release|Any CPU
		{B0825F09-6DD0-4A06-87A4-E918F9A7BBE3}.Release|Any CPU.Build.0 = Release|Any CPU
		{746EA0EC-F880-4A80-82EC-20E397BDF4E4}.Debug|Any CPU.ActiveCfg = Debug|Any CPU
		{746EA0EC-F880-4A80-82EC-20E397BDF4E4}.Debug|Any CPU.Build.0 = Debug|Any CPU
		{746EA0EC-F880-4A80-82EC-20E397BDF4E4}.Release|Any CPU.ActiveCfg = Release|Any CPU
		{746EA0EC-F880-4A80-82EC-20E397BDF4E4}.Release|Any CPU.Build.0 = Release|Any CPU
		{86520C3A-0473-456D-9AD0-30253FE68083}.Debug|Any CPU.ActiveCfg = Debug|Any CPU
		{86520C3A-0473-456D-9AD0-30253FE68083}.Debug|Any CPU.Build.0 = Debug|Any CPU
		{86520C3A-0473-456D-9AD0-30253FE68083}.Release|Any CPU.ActiveCfg = Release|Any CPU
		{86520C3A-0473-456D-9AD0-30253FE68083}.Release|Any CPU.Build.0 = Release|Any CPU
		{3CB52F49-4988-4E46-939F-146505C12B5F}.Debug|Any CPU.ActiveCfg = Debug|Any CPU
		{3CB52F49-4988-4E46-939F-146505C12B5F}.Debug|Any CPU.Build.0 = Debug|Any CPU
		{3CB52F49-4988-4E46-939F-146505C12B5F}.Release|Any CPU.ActiveCfg = Release|Any CPU
		{3CB52F49-4988-4E46-939F-146505C12B5F}.Release|Any CPU.Build.0 = Release|Any CPU
		{3709CDDB-0491-4A06-8AEE-2B1F987B0AF9}.Debug|Any CPU.ActiveCfg = Debug|Any CPU
		{3709CDDB-0491-4A06-8AEE-2B1F987B0AF9}.Debug|Any CPU.Build.0 = Debug|Any CPU
		{3709CDDB-0491-4A06-8AEE-2B1F987B0AF9}.Release|Any CPU.ActiveCfg = Release|Any CPU
		{3709CDDB-0491-4A06-8AEE-2B1F987B0AF9}.Release|Any CPU.Build.0 = Release|Any CPU
		{9927C606-0EB0-42BB-AE8E-60F7F50543B6}.Debug|Any CPU.ActiveCfg = Debug|Any CPU
		{9927C606-0EB0-42BB-AE8E-60F7F50543B6}.Debug|Any CPU.Build.0 = Debug|Any CPU
		{9927C606-0EB0-42BB-AE8E-60F7F50543B6}.Release|Any CPU.ActiveCfg = Release|Any CPU
		{9927C606-0EB0-42BB-AE8E-60F7F50543B6}.Release|Any CPU.Build.0 = Release|Any CPU
		{DD8E2CD1-7F7C-429D-9328-522CDB6126D1}.Debug|Any CPU.ActiveCfg = Debug|Any CPU
		{DD8E2CD1-7F7C-429D-9328-522CDB6126D1}.Debug|Any CPU.Build.0 = Debug|Any CPU
		{DD8E2CD1-7F7C-429D-9328-522CDB6126D1}.Release|Any CPU.ActiveCfg = Release|Any CPU
		{DD8E2CD1-7F7C-429D-9328-522CDB6126D1}.Release|Any CPU.Build.0 = Release|Any CPU
		{A9AC542D-910F-449B-9D11-B17726E390E4}.Debug|Any CPU.ActiveCfg = Debug|Any CPU
		{A9AC542D-910F-449B-9D11-B17726E390E4}.Debug|Any CPU.Build.0 = Debug|Any CPU
		{A9AC542D-910F-449B-9D11-B17726E390E4}.Release|Any CPU.ActiveCfg = Release|Any CPU
		{A9AC542D-910F-449B-9D11-B17726E390E4}.Release|Any CPU.Build.0 = Release|Any CPU
		{EF339063-0460-4D77-91C1-88ABD3B19679}.Debug|Any CPU.ActiveCfg = Debug|Any CPU
		{EF339063-0460-4D77-91C1-88ABD3B19679}.Debug|Any CPU.Build.0 = Debug|Any CPU
		{EF339063-0460-4D77-91C1-88ABD3B19679}.Release|Any CPU.ActiveCfg = Release|Any CPU
		{EF339063-0460-4D77-91C1-88ABD3B19679}.Release|Any CPU.Build.0 = Release|Any CPU
		{5A3F876D-BB7C-4354-9F2F-39F86E59F916}.Debug|Any CPU.ActiveCfg = Debug|Any CPU
		{5A3F876D-BB7C-4354-9F2F-39F86E59F916}.Debug|Any CPU.Build.0 = Debug|Any CPU
		{5A3F876D-BB7C-4354-9F2F-39F86E59F916}.Release|Any CPU.ActiveCfg = Release|Any CPU
		{5A3F876D-BB7C-4354-9F2F-39F86E59F916}.Release|Any CPU.Build.0 = Release|Any CPU
		{DF0071FE-00E4-403C-B710-7D469C444328}.Debug|Any CPU.ActiveCfg = Debug|Any CPU
		{DF0071FE-00E4-403C-B710-7D469C444328}.Debug|Any CPU.Build.0 = Debug|Any CPU
		{DF0071FE-00E4-403C-B710-7D469C444328}.Release|Any CPU.ActiveCfg = Release|Any CPU
		{DF0071FE-00E4-403C-B710-7D469C444328}.Release|Any CPU.Build.0 = Release|Any CPU
		{23CE1AD3-01EF-4C53-912C-EBA10DD4DD81}.Debug|Any CPU.ActiveCfg = Debug|Any CPU
		{23CE1AD3-01EF-4C53-912C-EBA10DD4DD81}.Debug|Any CPU.Build.0 = Debug|Any CPU
		{23CE1AD3-01EF-4C53-912C-EBA10DD4DD81}.Release|Any CPU.ActiveCfg = Release|Any CPU
		{23CE1AD3-01EF-4C53-912C-EBA10DD4DD81}.Release|Any CPU.Build.0 = Release|Any CPU
		{FE18C358-4273-436E-8CFD-6055B0C2EB32}.Debug|Any CPU.ActiveCfg = Debug|Any CPU
		{FE18C358-4273-436E-8CFD-6055B0C2EB32}.Debug|Any CPU.Build.0 = Debug|Any CPU
		{FE18C358-4273-436E-8CFD-6055B0C2EB32}.Release|Any CPU.ActiveCfg = Release|Any CPU
		{FE18C358-4273-436E-8CFD-6055B0C2EB32}.Release|Any CPU.Build.0 = Release|Any CPU
		{E05E89E1-0B64-48E4-AE90-35BC3637C477}.Debug|Any CPU.ActiveCfg = Debug|Any CPU
		{E05E89E1-0B64-48E4-AE90-35BC3637C477}.Debug|Any CPU.Build.0 = Debug|Any CPU
		{E05E89E1-0B64-48E4-AE90-35BC3637C477}.Release|Any CPU.ActiveCfg = Release|Any CPU
		{E05E89E1-0B64-48E4-AE90-35BC3637C477}.Release|Any CPU.Build.0 = Release|Any CPU
		{13476A3A-B465-4E97-8E21-F7F64959EA00}.Debug|Any CPU.ActiveCfg = Debug|Any CPU
		{13476A3A-B465-4E97-8E21-F7F64959EA00}.Debug|Any CPU.Build.0 = Debug|Any CPU
		{13476A3A-B465-4E97-8E21-F7F64959EA00}.Release|Any CPU.ActiveCfg = Release|Any CPU
		{13476A3A-B465-4E97-8E21-F7F64959EA00}.Release|Any CPU.Build.0 = Release|Any CPU
		{EB7137D4-ACB3-45DC-87B2-73B97A8DD718}.Debug|Any CPU.ActiveCfg = Debug|Any CPU
		{EB7137D4-ACB3-45DC-87B2-73B97A8DD718}.Debug|Any CPU.Build.0 = Debug|Any CPU
		{EB7137D4-ACB3-45DC-87B2-73B97A8DD718}.Release|Any CPU.ActiveCfg = Release|Any CPU
		{EB7137D4-ACB3-45DC-87B2-73B97A8DD718}.Release|Any CPU.Build.0 = Release|Any CPU
		{DD033730-F955-4EBA-B8F5-928440CB724D}.Debug|Any CPU.ActiveCfg = Debug|Any CPU
		{DD033730-F955-4EBA-B8F5-928440CB724D}.Debug|Any CPU.Build.0 = Debug|Any CPU
		{DD033730-F955-4EBA-B8F5-928440CB724D}.Release|Any CPU.ActiveCfg = Release|Any CPU
		{DD033730-F955-4EBA-B8F5-928440CB724D}.Release|Any CPU.Build.0 = Release|Any CPU
		{8B95C9F0-02BC-43EC-89C9-6CFD8276AF64}.Debug|Any CPU.ActiveCfg = Debug|Any CPU
		{8B95C9F0-02BC-43EC-89C9-6CFD8276AF64}.Debug|Any CPU.Build.0 = Debug|Any CPU
		{8B95C9F0-02BC-43EC-89C9-6CFD8276AF64}.Release|Any CPU.ActiveCfg = Release|Any CPU
		{8B95C9F0-02BC-43EC-89C9-6CFD8276AF64}.Release|Any CPU.Build.0 = Release|Any CPU
		{868144DB-84E7-4B2C-BBEC-4F4B37ED27D4}.Debug|Any CPU.ActiveCfg = Debug|Any CPU
		{868144DB-84E7-4B2C-BBEC-4F4B37ED27D4}.Debug|Any CPU.Build.0 = Debug|Any CPU
		{868144DB-84E7-4B2C-BBEC-4F4B37ED27D4}.Release|Any CPU.ActiveCfg = Release|Any CPU
		{868144DB-84E7-4B2C-BBEC-4F4B37ED27D4}.Release|Any CPU.Build.0 = Release|Any CPU
		{87570AF9-68E5-49C3-A412-98E551DF5467}.Debug|Any CPU.ActiveCfg = Debug|Any CPU
		{87570AF9-68E5-49C3-A412-98E551DF5467}.Debug|Any CPU.Build.0 = Debug|Any CPU
		{87570AF9-68E5-49C3-A412-98E551DF5467}.Release|Any CPU.ActiveCfg = Release|Any CPU
		{87570AF9-68E5-49C3-A412-98E551DF5467}.Release|Any CPU.Build.0 = Release|Any CPU
		{1DB3551B-DF53-42FC-B0AF-B91784D788CB}.Debug|Any CPU.ActiveCfg = Debug|Any CPU
		{1DB3551B-DF53-42FC-B0AF-B91784D788CB}.Debug|Any CPU.Build.0 = Debug|Any CPU
		{1DB3551B-DF53-42FC-B0AF-B91784D788CB}.Release|Any CPU.ActiveCfg = Release|Any CPU
		{1DB3551B-DF53-42FC-B0AF-B91784D788CB}.Release|Any CPU.Build.0 = Release|Any CPU
		{625D4D46-9BB1-41A9-B229-2B7BE39A5C83}.Debug|Any CPU.ActiveCfg = Debug|Any CPU
		{625D4D46-9BB1-41A9-B229-2B7BE39A5C83}.Debug|Any CPU.Build.0 = Debug|Any CPU
		{625D4D46-9BB1-41A9-B229-2B7BE39A5C83}.Release|Any CPU.ActiveCfg = Release|Any CPU
		{625D4D46-9BB1-41A9-B229-2B7BE39A5C83}.Release|Any CPU.Build.0 = Release|Any CPU
		{31E32660-6371-43E4-9AFC-E0EEA66AB20B}.Debug|Any CPU.ActiveCfg = Debug|Any CPU
		{31E32660-6371-43E4-9AFC-E0EEA66AB20B}.Debug|Any CPU.Build.0 = Debug|Any CPU
		{31E32660-6371-43E4-9AFC-E0EEA66AB20B}.Release|Any CPU.ActiveCfg = Release|Any CPU
		{31E32660-6371-43E4-9AFC-E0EEA66AB20B}.Release|Any CPU.Build.0 = Release|Any CPU
		{2ACFF6EA-4FAF-40A1-8561-552533192ED0}.Debug|Any CPU.ActiveCfg = Debug|Any CPU
		{2ACFF6EA-4FAF-40A1-8561-552533192ED0}.Debug|Any CPU.Build.0 = Debug|Any CPU
		{2ACFF6EA-4FAF-40A1-8561-552533192ED0}.Release|Any CPU.ActiveCfg = Release|Any CPU
		{2ACFF6EA-4FAF-40A1-8561-552533192ED0}.Release|Any CPU.Build.0 = Release|Any CPU
		{88B08619-7F97-46E0-A1E4-C9741DB29366}.Debug|Any CPU.ActiveCfg = Debug|Any CPU
		{88B08619-7F97-46E0-A1E4-C9741DB29366}.Debug|Any CPU.Build.0 = Debug|Any CPU
		{88B08619-7F97-46E0-A1E4-C9741DB29366}.Release|Any CPU.ActiveCfg = Release|Any CPU
		{88B08619-7F97-46E0-A1E4-C9741DB29366}.Release|Any CPU.Build.0 = Release|Any CPU
		{4D98602F-82FF-4752-AB24-E3986086FE14}.Debug|Any CPU.ActiveCfg = Debug|Any CPU
		{4D98602F-82FF-4752-AB24-E3986086FE14}.Debug|Any CPU.Build.0 = Debug|Any CPU
		{4D98602F-82FF-4752-AB24-E3986086FE14}.Release|Any CPU.ActiveCfg = Release|Any CPU
		{4D98602F-82FF-4752-AB24-E3986086FE14}.Release|Any CPU.Build.0 = Release|Any CPU
		{53A158BD-3D42-4C6E-88C5-F1970E79D8ED}.Debug|Any CPU.ActiveCfg = Debug|Any CPU
		{53A158BD-3D42-4C6E-88C5-F1970E79D8ED}.Debug|Any CPU.Build.0 = Debug|Any CPU
		{53A158BD-3D42-4C6E-88C5-F1970E79D8ED}.Release|Any CPU.ActiveCfg = Release|Any CPU
		{53A158BD-3D42-4C6E-88C5-F1970E79D8ED}.Release|Any CPU.Build.0 = Release|Any CPU
	EndGlobalSection
	GlobalSection(SolutionProperties) = preSolution
		HideSolutionNode = FALSE
	EndGlobalSection
	GlobalSection(NestedProjects) = preSolution
		{D75FAA47-384C-4451-AD1E-DD896329C730} = {178A4B54-2EF7-4AB3-91C9-69D9EFF5F6FD}
		{1A7A5CE3-27B2-47B6-BE3D-65B19D6A8E76} = {178A4B54-2EF7-4AB3-91C9-69D9EFF5F6FD}
		{1A976232-4905-40A4-A247-9EF6DE0CBED2} = {178A4B54-2EF7-4AB3-91C9-69D9EFF5F6FD}
		{BA1516CE-8050-4919-A596-66A6764F7448} = {178A4B54-2EF7-4AB3-91C9-69D9EFF5F6FD}
		{B7DC18A1-1C77-44AE-A343-46007E328857} = {3D65502A-5652-42C0-BCD7-1BAB225E24D1}
		{178A4B54-2EF7-4AB3-91C9-69D9EFF5F6FD} = {3F71DFF8-52E1-4A5F-AEE4-5B54D0997122}
		{B0825F09-6DD0-4A06-87A4-E918F9A7BBE3} = {3D65502A-5652-42C0-BCD7-1BAB225E24D1}
		{746EA0EC-F880-4A80-82EC-20E397BDF4E4} = {3D65502A-5652-42C0-BCD7-1BAB225E24D1}
		{86520C3A-0473-456D-9AD0-30253FE68083} = {3D65502A-5652-42C0-BCD7-1BAB225E24D1}
		{3D65502A-5652-42C0-BCD7-1BAB225E24D1} = {3F71DFF8-52E1-4A5F-AEE4-5B54D0997122}
		{93E3F627-CB49-4DEF-9CC4-5C96EF6302B9} = {3F71DFF8-52E1-4A5F-AEE4-5B54D0997122}
		{3CB52F49-4988-4E46-939F-146505C12B5F} = {93E3F627-CB49-4DEF-9CC4-5C96EF6302B9}
		{3709CDDB-0491-4A06-8AEE-2B1F987B0AF9} = {93E3F627-CB49-4DEF-9CC4-5C96EF6302B9}
		{9927C606-0EB0-42BB-AE8E-60F7F50543B6} = {93E3F627-CB49-4DEF-9CC4-5C96EF6302B9}
		{DD8E2CD1-7F7C-429D-9328-522CDB6126D1} = {93E3F627-CB49-4DEF-9CC4-5C96EF6302B9}
		{502DD901-08A9-4A6B-ABEC-7BE6BD6B5878} = {3F71DFF8-52E1-4A5F-AEE4-5B54D0997122}
		{A9AC542D-910F-449B-9D11-B17726E390E4} = {502DD901-08A9-4A6B-ABEC-7BE6BD6B5878}
		{EF339063-0460-4D77-91C1-88ABD3B19679} = {502DD901-08A9-4A6B-ABEC-7BE6BD6B5878}
		{5A3F876D-BB7C-4354-9F2F-39F86E59F916} = {502DD901-08A9-4A6B-ABEC-7BE6BD6B5878}
		{DF0071FE-00E4-403C-B710-7D469C444328} = {502DD901-08A9-4A6B-ABEC-7BE6BD6B5878}
		{91ED9BE6-59EB-4AB4-B048-7D7C2BE00EA4} = {3F71DFF8-52E1-4A5F-AEE4-5B54D0997122}
		{23CE1AD3-01EF-4C53-912C-EBA10DD4DD81} = {91ED9BE6-59EB-4AB4-B048-7D7C2BE00EA4}
		{FE18C358-4273-436E-8CFD-6055B0C2EB32} = {91ED9BE6-59EB-4AB4-B048-7D7C2BE00EA4}
		{E05E89E1-0B64-48E4-AE90-35BC3637C477} = {91ED9BE6-59EB-4AB4-B048-7D7C2BE00EA4}
		{13476A3A-B465-4E97-8E21-F7F64959EA00} = {91ED9BE6-59EB-4AB4-B048-7D7C2BE00EA4}
		{CB8B15CC-2387-4EB7-83E0-CC64D4D3F9CE} = {3F71DFF8-52E1-4A5F-AEE4-5B54D0997122}
		{EB7137D4-ACB3-45DC-87B2-73B97A8DD718} = {CB8B15CC-2387-4EB7-83E0-CC64D4D3F9CE}
		{DD033730-F955-4EBA-B8F5-928440CB724D} = {CB8B15CC-2387-4EB7-83E0-CC64D4D3F9CE}
		{8B95C9F0-02BC-43EC-89C9-6CFD8276AF64} = {CB8B15CC-2387-4EB7-83E0-CC64D4D3F9CE}
		{868144DB-84E7-4B2C-BBEC-4F4B37ED27D4} = {CB8B15CC-2387-4EB7-83E0-CC64D4D3F9CE}
		{900AF7C5-96B1-4B01-AFCB-4F99A53662F1} = {3F71DFF8-52E1-4A5F-AEE4-5B54D0997122}
		{87570AF9-68E5-49C3-A412-98E551DF5467} = {900AF7C5-96B1-4B01-AFCB-4F99A53662F1}
		{1DB3551B-DF53-42FC-B0AF-B91784D788CB} = {900AF7C5-96B1-4B01-AFCB-4F99A53662F1}
		{625D4D46-9BB1-41A9-B229-2B7BE39A5C83} = {900AF7C5-96B1-4B01-AFCB-4F99A53662F1}
		{31E32660-6371-43E4-9AFC-E0EEA66AB20B} = {900AF7C5-96B1-4B01-AFCB-4F99A53662F1}
		{A3E4AA79-B96C-4508-B234-F0C42F05CCF3} = {3F71DFF8-52E1-4A5F-AEE4-5B54D0997122}
		{2ACFF6EA-4FAF-40A1-8561-552533192ED0} = {A3E4AA79-B96C-4508-B234-F0C42F05CCF3}
		{88B08619-7F97-46E0-A1E4-C9741DB29366} = {A3E4AA79-B96C-4508-B234-F0C42F05CCF3}
		{4D98602F-82FF-4752-AB24-E3986086FE14} = {A3E4AA79-B96C-4508-B234-F0C42F05CCF3}
		{53A158BD-3D42-4C6E-88C5-F1970E79D8ED} = {A3E4AA79-B96C-4508-B234-F0C42F05CCF3}
	EndGlobalSection
	GlobalSection(ExtensibilityGlobals) = postSolution
		SolutionGuid = {402046E8-9F40-4CAA-9691-17EFF231636B}
	EndGlobalSection
EndGlobal
